schema: '2.0'
stages:
  prepare:
    cmd: python src/prepare.py
    deps:
    - path: data/raw/healthcare-dataset-stroke-data.csv
      hash: md5
      md5: 3f25a4c2f2963d969e1a156c08968577
      size: 316971
    - path: src/prepare.py
      hash: md5
      md5: ece5edf5ece2958b6fadbe6d86510663
      size: 2335
    outs:
    - path: data/prepared
      hash: md5
      md5: 19589274c76e61a95d42c0a112fc2ebe.dir
      size: 302820
      nfiles: 2
  train:
    cmd: python src/train.py
    deps:
    - path: data/prepared/test.csv
      hash: md5
      md5: d21e681605fd80f1d3c5776950121db5
      size: 60606
    - path: data/prepared/train.csv
      hash: md5
      md5: 80ee627da7a2adabecaf1e70b8269a83
      size: 242214
    - path: src/train.py
      hash: md5
      md5: c4a5d1270d9496315b5b196e14f9f9dd
      size: 11786
    outs:
    - path: models
      hash: md5
      md5: 1eda17e017f0c1e6772c22ab621f9c35.dir
      size: 1518091
      nfiles: 1
