schema: '2.0'
stages:
  prepare:
    cmd: python src/prepare.py
    deps:
    - path: data/raw/healthcare-dataset-stroke-data.csv
      hash: md5
      md5: 3f25a4c2f2963d969e1a156c08968577
      size: 316971
    - path: src/prepare.py
      hash: md5
      md5: 72f6813fad687485bbe9662b6f84015f
      size: 4646
    outs:
    - path: data/prepared
      hash: md5
      md5: 89e007c7d6dc0ac43f3c02ab86920429.dir
      size: 584777
      nfiles: 3
  train:
    cmd: python src/train.py
    deps:
    - path: data/prepared/test.csv
      hash: md5
      md5: 55b6548e85e9b4c34217c035eb99e8b3
      size: 117097
    - path: data/prepared/train.csv
      hash: md5
      md5: 63cdeb7df4446c3c0436eb15ce987513
      size: 373863
    - path: src/train.py
      hash: md5
      md5: 68ffa92a846e3d39b8cea19b53da699c
      size: 9958
    outs:
    - path: models
      hash: md5
      md5: 544911acc925545b92ad8aa033082576.dir
      size: 1409289
      nfiles: 1
